
Microsoft Visual Studio Solution File, Format Version 12.00
# Visual Studio Version 16
VisualStudioVersion = 16.0.31019.35
MinimumVisualStudioVersion = 10.0.40219.1
Project("{9A19103F-16F7-4668-BE54-9A1E7A4F7556}") = "Cleanarr.PluginBase", "Cleanarr.PluginBase.csproj", "{651D4E57-F219-4175-95A9-AEF7A36A1069}"
EndProject
Global
	GlobalSection(SolutionConfigurationPlatforms) = preSolution
		Debug|Any CPU = Debug|Any CPU
		Release|Any CPU = Release|Any CPU
	EndGlobalSection
	GlobalSection(ProjectConfigurationPlatforms) = postSolution
		{651D4E57-F219-4175-95A9-AEF7A36A1069}.Debug|Any CPU.ActiveCfg = Debug|Any CPU
		{651D4E57-F219-4175-95A9-AEF7A36A1069}.Debug|Any CPU.Build.0 = Debug|Any CPU
		{651D4E57-F219-4175-95A9-AEF7A36A1069}.Release|Any CPU.ActiveCfg = Release|Any CPU
		{651D4E57-F219-4175-95A9-AEF7A36A1069}.Release|Any CPU.Build.0 = Release|Any CPU
	EndGlobalSection
	GlobalSection(SolutionProperties) = preSolution
		HideSolutionNode = FALSE
	EndGlobalSection
	GlobalSection(ExtensibilityGlobals) = postSolution
		SolutionGuid = {CD610641-E765-47FF-BBC5-53605BFF3E85}
	EndGlobalSection
EndGlobal
